
Microsoft Visual Studio Solution File, Format Version 12.00
# Visual Studio Version 17
VisualStudioVersion = 17.9.34728.123
MinimumVisualStudioVersion = 10.0.40219.1
Project("{FAE04EC0-301F-11D3-BF4B-00C04F79EFBC}") = "PruebaEFMySQL", "PruebaEFMySQL\PruebaEFMySQL.csproj", "{B2FFB28B-1A37-4515-AA17-9E1CDC13C64A}"
EndProject
Global
	GlobalSection(SolutionConfigurationPlatforms) = preSolution
		Debug|Any CPU = Debug|Any CPU
		Release|Any CPU = Release|Any CPU
	EndGlobalSection
	GlobalSection(ProjectConfigurationPlatforms) = postSolution
		{B2FFB28B-1A37-4515-AA17-9E1CDC13C64A}.Debug|Any CPU.ActiveCfg = Debug|Any CPU
		{B2FFB28B-1A37-4515-AA17-9E1CDC13C64A}.Debug|Any CPU.Build.0 = Debug|Any CPU
		{B2FFB28B-1A37-4515-AA17-9E1CDC13C64A}.Release|Any CPU.ActiveCfg = Release|Any CPU
		{B2FFB28B-1A37-4515-AA17-9E1CDC13C64A}.Release|Any CPU.Build.0 = Release|Any CPU
	EndGlobalSection
	GlobalSection(SolutionProperties) = preSolution
		HideSolutionNode = FALSE
	EndGlobalSection
	GlobalSection(ExtensibilityGlobals) = postSolution
		SolutionGuid = {50221B57-9698-4108-98D0-BF36F9261C64}
	EndGlobalSection
EndGlobal
